<?xml version="1.0" encoding="UTF-8" standalone="yes" ?>
<CodeBlocks_project_file>
	<FileVersion major="1" minor="6" />
	<Project>
		<Option title="SIRFS" />
		<Option pch_mode="2" />
		<Option compiler="gcc" />
		<Build>
			<Target title="Debug">
				<Option output="obj/Debug/SIRFS" prefix_auto="1" extension_auto="1" />
				<Option object_output="obj/Debug/" />
				<Option type="1" />
				<Option compiler="gcc" />
				<Option projectCompilerOptionsRelation="0" />
				<Option projectLinkerOptionsRelation="0" />
				<Option projectIncludeDirsRelation="0" />
				<Option projectResourceIncludeDirsRelation="0" />
				<Option projectLibDirsRelation="0" />
				<Compiler>
					<Add option="-std=c++11" />
					<Add option="-g" />
					<Add directory="templates" />
					<Add directory="prior" />
				</Compiler>
				<ResourceCompiler>
					<Add directory="../../../../../Program Files/MATLAB/R2016a/extern/include" />
				</ResourceCompiler>
				<Linker>
					<Add directory="obj/Debug/prior" />
					<Add directory="obj/Debug/templates" />
				</Linker>
				<MakeCommands>
					<Build command="$make -f $makefile SIRfS.exe" />
					<CompileFile command="$make -f $makefile $file" />
					<Clean command="$make -f $makefile clean SIRfS.exe" />
					<DistClean command="$make -f $makefile distclean$target" />
					<AskRebuildNeeded command="$make -q -f $makefile SIRfS.exe" />
					<SilentBuild command="$make -f $makefile SIRfS.exe &gt; $(CMD_NULL)" />
				</MakeCommands>
			</Target>
		</Build>
		<Compiler>
			<Add option="-Wall" />
			<Add option="-g" />
			<Add option="-fexceptions" />
			<Add directory="../../../../../Program Files/MATLAB/R2016a/extern/include" />
		</Compiler>
		<Linker>
			<Add directory="../../../../../Program Files/MATLAB/R2016a/extern/lib/win64/microsoft" />
		</Linker>
		<Unit filename="SIRfS_Functions.cpp" />
		<Unit filename="SIRfS_Functions.h" />
		<Unit filename="data.h" />
		<Unit filename="data_class/dataTrue.h" />
		<Unit filename="main.cpp" />
		<Unit filename="matlab/matlab_matrix.cpp" />
		<Unit filename="matlab/matlab_matrix.h" />
		<Unit filename="matlab/matlab_vector.cpp" />
		<Unit filename="matlab/matlab_vector.h" />
		<Unit filename="params.cpp" />
		<Unit filename="params.h" />
		<Unit filename="params/height_data.h" />
		<Unit filename="params/light_data.h" />
		<Unit filename="params/reflectance_data.h" />
		<Unit filename="prior.h" />
		<Unit filename="prior/height.cpp" />
		<Unit filename="prior/height.h" />
		<Unit filename="prior/height/MKZ.cpp" />
		<Unit filename="prior/height/MKZ.h" />
		<Unit filename="prior/height/MKZ/GSM.cpp" />
		<Unit filename="prior/height/MKZ/GSM.h" />
		<Unit filename="prior/height/MKZ/GSM/lut.cpp" />
		<Unit filename="prior/height/MKZ/GSM/lut.h" />
		<Unit filename="prior/height/normal.cpp" />
		<Unit filename="prior/height/normal.h" />
		<Unit filename="prior/lights.h" />
		<Unit filename="prior/lights/color.h" />
		<Unit filename="prior/lights/color/gaussian.cpp" />
		<Unit filename="prior/lights/color/gaussian.h" />
		<Unit filename="prior/lights/color/laboratory.h" />
		<Unit filename="prior/lights/color/natural.h" />
		<Unit filename="prior/lights/color/whitenParams.cpp" />
		<Unit filename="prior/lights/color/whitenParams.h" />
		<Unit filename="prior/lights/gray.h" />
		<Unit filename="prior/lights/gray/gaussian.cpp" />
		<Unit filename="prior/lights/gray/gaussian.h" />
		<Unit filename="prior/lights/gray/laboratory.h" />
		<Unit filename="prior/lights/gray/natural.h" />
		<Unit filename="prior/lights/gray/whitenParams.cpp" />
		<Unit filename="prior/lights/gray/whitenParams.h" />
		<Unit filename="prior/reflectance.h" />
		<Unit filename="prior/reflectance/color.cpp" />
		<Unit filename="prior/reflectance/color.h" />
		<Unit filename="prior/reflectance/color/ColorMA/GSM_mvn.cpp" />
		<Unit filename="prior/reflectance/color/ColorMA/GSM_mvn.h" />
		<Unit filename="prior/reflectance/color/ColorMA/GSM_mvn/ReflectanceColorLut.cpp" />
		<Unit filename="prior/reflectance/color/ColorMA/GSM_mvn/ReflectanceColorLut.h" />
		<Unit filename="prior/reflectance/color/MA.h" />
		<Unit filename="prior/reflectance/gray.cpp" />
		<Unit filename="prior/reflectance/gray.h" />
		<Unit filename="prior/reflectance/gray/grayMA.cpp" />
		<Unit filename="prior/reflectance/gray/grayMA.h" />
		<Unit filename="range.h" />
		<Unit filename="templates/dataFile.h" />
		<Unit filename="templates/matrix2D.cpp">
			<Option weight="0" />
		</Unit>
		<Unit filename="templates/matrix2D.h" />
		<Unit filename="templates/matrix3D.cpp">
			<Option weight="0" />
		</Unit>
		<Unit filename="templates/matrix3D.h" />
		<Extensions>
			<DoxyBlocks>
				<comment_style block="0" line="0" />
				<doxyfile_project />
				<doxyfile_build />
				<doxyfile_warnings />
				<doxyfile_output />
				<doxyfile_dot />
				<general />
			</DoxyBlocks>
			<code_completion />
			<envvars />
			<debugger />
			<lib_finder disable_auto="1" />
		</Extensions>
	</Project>
</CodeBlocks_project_file>
